{
  "version": 4,
  "terraform_version": "1.11.1",
  "serial": 3,
  "lineage": "80fc9511-5631-ad3b-64ee-ed01d50978d7",
  "outputs": {
    "public_ip": {
      "value": "13.127.129.124",
      "type": "string"
    }
  },
  "resources": [
    {
      "mode": "managed",
      "type": "awscc_ec2_instance",
      "name": "ec2_instance",
      "provider": "provider[\"registry.terraform.io/hashicorp/awscc\"]",
      "instances": [
        {
          "schema_version": 1,
          "attributes": {
            "additional_info": null,
            "affinity": null,
            "availability_zone": "ap-south-1a",
            "block_device_mappings": [
              {
                "device_name": "/dev/xvda",
                "ebs": {
                  "delete_on_termination": true,
                  "encrypted": false,
                  "iops": 100,
                  "kms_key_id": null,
                  "snapshot_id": "snap-01733f3d4343efed8",
                  "volume_size": 8,
                  "volume_type": "gp2"
                },
                "no_device": null,
                "virtual_name": null
              }
            ],
            "cpu_options": {
              "core_count": 1,
              "threads_per_core": 1
            },
            "credit_specification": {
              "cpu_credits": "standard"
            },
            "disable_api_termination": false,
            "ebs_optimized": false,
            "elastic_gpu_specifications": null,
            "elastic_inference_accelerators": null,
            "enclave_options": {
              "enabled": false
            },
            "hibernation_options": {
              "configured": false
            },
            "host_id": null,
            "host_resource_group_arn": null,
            "iam_instance_profile": null,
            "id": "i-0f0c4d23eb755e0e0",
            "image_id": "ami-0d682f26195e9ec0f",
            "instance_id": "i-0f0c4d23eb755e0e0",
            "instance_initiated_shutdown_behavior": "stop",
            "instance_type": "t2.micro",
            "ipv_6_address_count": null,
            "ipv_6_addresses": null,
            "kernel_id": null,
            "key_name": null,
            "launch_template": null,
            "license_specifications": null,
            "monitoring": false,
            "network_interfaces": [
              {
                "associate_carrier_ip_address": false,
                "associate_public_ip_address": true,
                "delete_on_termination": true,
                "description": null,
                "device_index": "0",
                "group_set": [
                  "sg-029a89d0995151d9e"
                ],
                "ipv_6_address_count": 0,
                "ipv_6_addresses": null,
                "network_interface_id": "eni-09a2a3d9223c4427d",
                "private_ip_address": "172.31.37.81",
                "private_ip_addresses": [
                  {
                    "primary": true,
                    "private_ip_address": "172.31.37.81"
                  }
                ],
                "secondary_private_ip_address_count": 0,
                "subnet_id": "subnet-07be7fc7462b23a3d"
              }
            ],
            "placement_group_name": "",
            "private_dns_name": "ip-172-31-37-81.ap-south-1.compute.internal",
            "private_dns_name_options": {
              "enable_resource_name_dns_a_record": false,
              "enable_resource_name_dns_aaaa_record": false,
              "hostname_type": "ip-name"
            },
            "private_ip": "172.31.37.81",
            "private_ip_address": "172.31.37.81",
            "propagate_tags_to_volume_on_creation": null,
            "public_dns_name": "ec2-13-127-129-124.ap-south-1.compute.amazonaws.com",
            "public_ip": "13.127.129.124",
            "ramdisk_id": null,
            "security_group_ids": [
              "sg-029a89d0995151d9e"
            ],
            "security_groups": [
              "launch-wizard-1"
            ],
            "source_dest_check": true,
            "ssm_associations": null,
            "state": {
              "code": "16",
              "name": "running"
            },
            "subnet_id": "subnet-07be7fc7462b23a3d",
            "tags": null,
            "tenancy": "default",
            "user_data": null,
            "volumes": [
              {
                "device": "/dev/xvda",
                "volume_id": "vol-03297c96fe43b9135"
              }
            ],
            "vpc_id": "vpc-0f71d7b48b9d51d2d"
          },
          "sensitive_attributes": []
        }
      ]
    }
  ],
  "check_results": null
}
